
Microsoft Visual Studio Solution File, Format Version 12.00
# Visual Studio 15
Project("{FAE04EC0-301F-11D3-BF4B-00C04F79EFBC}") = "TodoApi", "TodoApi\TodoApi.csproj", "{EFCD5E8E-8431-4F1C-8829-0915FEBE8BEC}"
EndProject
Global
	GlobalSection(SolutionConfigurationPlatforms) = preSolution
		Debug|Any CPU = Debug|Any CPU
		Release|Any CPU = Release|Any CPU
	EndGlobalSection
	GlobalSection(ProjectConfigurationPlatforms) = postSolution
		{EFCD5E8E-8431-4F1C-8829-0915FEBE8BEC}.Debug|Any CPU.ActiveCfg = Debug|Any CPU
		{EFCD5E8E-8431-4F1C-8829-0915FEBE8BEC}.Debug|Any CPU.Build.0 = Debug|Any CPU
		{EFCD5E8E-8431-4F1C-8829-0915FEBE8BEC}.Release|Any CPU.ActiveCfg = Release|Any CPU
		{EFCD5E8E-8431-4F1C-8829-0915FEBE8BEC}.Release|Any CPU.Build.0 = Release|Any CPU
	EndGlobalSection
EndGlobal
